
Microsoft Visual Studio Solution File, Format Version 12.00
# Visual Studio 15
VisualStudioVersion = 15.0.28307.421
MinimumVisualStudioVersion = 10.0.40219.1
Project("{FAE04EC0-301F-11D3-BF4B-00C04F79EFBC}") = "Ecommerce", "Ecommerce\Ecommerce.csproj", "{2CED5972-10E9-47E0-AC9C-30C8AB223695}"
EndProject
Global
	GlobalSection(SolutionConfigurationPlatforms) = preSolution
		Debug|Any CPU = Debug|Any CPU
		Release|Any CPU = Release|Any CPU
	EndGlobalSection
	GlobalSection(ProjectConfigurationPlatforms) = postSolution
		{2CED5972-10E9-47E0-AC9C-30C8AB223695}.Debug|Any CPU.ActiveCfg = Debug|Any CPU
		{2CED5972-10E9-47E0-AC9C-30C8AB223695}.Debug|Any CPU.Build.0 = Debug|Any CPU
		{2CED5972-10E9-47E0-AC9C-30C8AB223695}.Release|Any CPU.ActiveCfg = Release|Any CPU
		{2CED5972-10E9-47E0-AC9C-30C8AB223695}.Release|Any CPU.Build.0 = Release|Any CPU
	EndGlobalSection
	GlobalSection(SolutionProperties) = preSolution
		HideSolutionNode = FALSE
	EndGlobalSection
	GlobalSection(ExtensibilityGlobals) = postSolution
		SolutionGuid = {8400E813-764B-4114-9526-30845498AB67}
	EndGlobalSection
EndGlobal
